
Microsoft Visual Studio Solution File, Format Version 12.00
# Visual Studio Version 16
VisualStudioVersion = 16.0.29905.134
MinimumVisualStudioVersion = 10.0.40219.1
Project("{9A19103F-16F7-4668-BE54-9A1E7A4F7556}") = "BlazorServer", "BlazorServer\BlazorServer.csproj", "{CFC3B09B-D4D1-43E1-842B-2F029F940079}"
EndProject
Project("{FAE04EC0-301F-11D3-BF4B-00C04F79EFBC}") = "BlazorWebAssembly", "BlazorWebAssembly\BlazorWebAssembly.csproj", "{9E7D88C3-B99D-415C-ABEC-58BF84020860}"
EndProject
Global
	GlobalSection(SolutionConfigurationPlatforms) = preSolution
		Debug|Any CPU = Debug|Any CPU
		Release|Any CPU = Release|Any CPU
	EndGlobalSection
	GlobalSection(ProjectConfigurationPlatforms) = postSolution
		{CFC3B09B-D4D1-43E1-842B-2F029F940079}.Debug|Any CPU.ActiveCfg = Debug|Any CPU
		{CFC3B09B-D4D1-43E1-842B-2F029F940079}.Debug|Any CPU.Build.0 = Debug|Any CPU
		{CFC3B09B-D4D1-43E1-842B-2F029F940079}.Release|Any CPU.ActiveCfg = Release|Any CPU
		{CFC3B09B-D4D1-43E1-842B-2F029F940079}.Release|Any CPU.Build.0 = Release|Any CPU
		{9E7D88C3-B99D-415C-ABEC-58BF84020860}.Debug|Any CPU.ActiveCfg = Debug|Any CPU
		{9E7D88C3-B99D-415C-ABEC-58BF84020860}.Debug|Any CPU.Build.0 = Debug|Any CPU
		{9E7D88C3-B99D-415C-ABEC-58BF84020860}.Release|Any CPU.ActiveCfg = Release|Any CPU
		{9E7D88C3-B99D-415C-ABEC-58BF84020860}.Release|Any CPU.Build.0 = Release|Any CPU
	EndGlobalSection
	GlobalSection(SolutionProperties) = preSolution
		HideSolutionNode = FALSE
	EndGlobalSection
	GlobalSection(ExtensibilityGlobals) = postSolution
		SolutionGuid = {0CF2283A-9450-467D-BE0C-F65F73FFAD1C}
	EndGlobalSection
EndGlobal
